
Microsoft Visual Studio Solution File, Format Version 12.00
# Visual Studio 2013
VisualStudioVersion = 12.0.21005.1
MinimumVisualStudioVersion = 10.0.40219.1
Project("{FAE04EC0-301F-11D3-BF4B-00C04F79EFBC}") = "ApiDataProvider", "DataProvider\ApiDataProvider.csproj", "{15693573-2921-4EDC-9FCA-89019942AD0C}"
EndProject
Project("{FAE04EC0-301F-11D3-BF4B-00C04F79EFBC}") = "WcfDataProvider", "WcfDataProvider\WcfDataProvider.csproj", "{D3601C18-E82B-4EB0-8BF4-5519477C14FF}"
EndProject
Project("{00D1A9C2-B5F0-4AF3-8072-F6C62B433612}") = "StuffDb", "StuffDb\StuffDb.sqlproj", "{957E9FDF-1A2C-439B-9AF8-01346400E2CB}"
EndProject
Global
	GlobalSection(SolutionConfigurationPlatforms) = preSolution
		Debug|Any CPU = Debug|Any CPU
		Release|Any CPU = Release|Any CPU
	EndGlobalSection
	GlobalSection(ProjectConfigurationPlatforms) = postSolution
		{15693573-2921-4EDC-9FCA-89019942AD0C}.Debug|Any CPU.ActiveCfg = Debug|Any CPU
		{15693573-2921-4EDC-9FCA-89019942AD0C}.Debug|Any CPU.Build.0 = Debug|Any CPU
		{15693573-2921-4EDC-9FCA-89019942AD0C}.Release|Any CPU.ActiveCfg = Release|Any CPU
		{15693573-2921-4EDC-9FCA-89019942AD0C}.Release|Any CPU.Build.0 = Release|Any CPU
		{D3601C18-E82B-4EB0-8BF4-5519477C14FF}.Debug|Any CPU.ActiveCfg = Debug|Any CPU
		{D3601C18-E82B-4EB0-8BF4-5519477C14FF}.Debug|Any CPU.Build.0 = Debug|Any CPU
		{D3601C18-E82B-4EB0-8BF4-5519477C14FF}.Release|Any CPU.ActiveCfg = Release|Any CPU
		{D3601C18-E82B-4EB0-8BF4-5519477C14FF}.Release|Any CPU.Build.0 = Release|Any CPU
		{957E9FDF-1A2C-439B-9AF8-01346400E2CB}.Debug|Any CPU.ActiveCfg = Debug|Any CPU
		{957E9FDF-1A2C-439B-9AF8-01346400E2CB}.Debug|Any CPU.Build.0 = Debug|Any CPU
		{957E9FDF-1A2C-439B-9AF8-01346400E2CB}.Debug|Any CPU.Deploy.0 = Debug|Any CPU
		{957E9FDF-1A2C-439B-9AF8-01346400E2CB}.Release|Any CPU.ActiveCfg = Release|Any CPU
		{957E9FDF-1A2C-439B-9AF8-01346400E2CB}.Release|Any CPU.Build.0 = Release|Any CPU
		{957E9FDF-1A2C-439B-9AF8-01346400E2CB}.Release|Any CPU.Deploy.0 = Release|Any CPU
	EndGlobalSection
	GlobalSection(SolutionProperties) = preSolution
		HideSolutionNode = FALSE
	EndGlobalSection
EndGlobal
